
Microsoft Visual Studio Solution File, Format Version 12.00
# Visual Studio 14
VisualStudioVersion = 14.0.25420.1
MinimumVisualStudioVersion = 10.0.40219.1
Project("{2150E333-8FDC-42A3-9474-1A3956D46DE8}") = "src", "src", "{EA0C163E-AC03-4CFB-88A4-1D67C9EEAA1D}"
EndProject
Project("{2150E333-8FDC-42A3-9474-1A3956D46DE8}") = "Solution Items", "Solution Items", "{8CEB2D96-3591-4C1C-A4E8-03A032FF9BAC}"
	ProjectSection(SolutionItems) = preProject
		global.json = global.json
	EndProjectSection
EndProject
Project("{8BB2217D-0F2D-49D1-97BC-3654ED321F3B}") = "Hockey", "src\Hockey\Hockey.xproj", "{6FE59702-A783-4729-9B7C-A9040BDF4573}"
EndProject
Global
	GlobalSection(SolutionConfigurationPlatforms) = preSolution
		Debug|Any CPU = Debug|Any CPU
		Release|Any CPU = Release|Any CPU
	EndGlobalSection
	GlobalSection(ProjectConfigurationPlatforms) = postSolution
		{6FE59702-A783-4729-9B7C-A9040BDF4573}.Debug|Any CPU.ActiveCfg = Debug|Any CPU
		{6FE59702-A783-4729-9B7C-A9040BDF4573}.Debug|Any CPU.Build.0 = Debug|Any CPU
		{6FE59702-A783-4729-9B7C-A9040BDF4573}.Release|Any CPU.ActiveCfg = Release|Any CPU
		{6FE59702-A783-4729-9B7C-A9040BDF4573}.Release|Any CPU.Build.0 = Release|Any CPU
	EndGlobalSection
	GlobalSection(SolutionProperties) = preSolution
		HideSolutionNode = FALSE
	EndGlobalSection
	GlobalSection(NestedProjects) = preSolution
		{6FE59702-A783-4729-9B7C-A9040BDF4573} = {EA0C163E-AC03-4CFB-88A4-1D67C9EEAA1D}
	EndGlobalSection
EndGlobal
